
Microsoft Visual Studio Solution File, Format Version 12.00
# Visual Studio 15
VisualStudioVersion = 15.0.26730.16
MinimumVisualStudioVersion = 10.0.40219.1
Project("{9A19103F-16F7-4668-BE54-9A1E7A4F7556}") = "Mors.Ranges", "Mors.Ranges\Mors.Ranges.csproj", "{466840E5-50BF-4F37-BDA3-9BA1B5277A5E}"
EndProject
Project("{9A19103F-16F7-4668-BE54-9A1E7A4F7556}") = "Mors.Ranges.Test", "Mors.Ranges.Test\Mors.Ranges.Test.csproj", "{9E565880-651D-4529-9288-EDE823AD9863}"
EndProject
Project("{9A19103F-16F7-4668-BE54-9A1E7A4F7556}") = "Mors.Ranges.Test.Support", "Mors.Ranges.Test.Support\Mors.Ranges.Test.Support.csproj", "{157AD3AA-90CA-48C9-B54E-1671CC4597A9}"
EndProject
Project("{9A19103F-16F7-4668-BE54-9A1E7A4F7556}") = "Mors.Ranges.Operations", "Mors.Ranges.Operations\Mors.Ranges.Operations.csproj", "{F81B5682-FEF3-4BF6-8CE3-D5A8E255610D}"
EndProject
Project("{9A19103F-16F7-4668-BE54-9A1E7A4F7556}") = "Mors.Ranges.Operations.Test", "Mors.Ranges.Operations.Test\Mors.Ranges.Operations.Test.csproj", "{47230097-1F50-405E-83FF-E52B6AA6FD89}"
EndProject
Project("{FAE04EC0-301F-11D3-BF4B-00C04F79EFBC}") = "Mors.Ranges.Text", "Mors.Ranges.Text\Mors.Ranges.Text.csproj", "{A7054041-D6BD-4E1A-BFD5-4C077FEEA933}"
EndProject
Project("{FAE04EC0-301F-11D3-BF4B-00C04F79EFBC}") = "Mors.Ranges.Text.Tests", "Mors.Ranges.Text.Tests\Mors.Ranges.Text.Tests.csproj", "{D5266733-971E-48D9-A3DB-5D73EC054DCE}"
EndProject
Global
	GlobalSection(SolutionConfigurationPlatforms) = preSolution
		Debug|Any CPU = Debug|Any CPU
		Release|Any CPU = Release|Any CPU
	EndGlobalSection
	GlobalSection(ProjectConfigurationPlatforms) = postSolution
		{466840E5-50BF-4F37-BDA3-9BA1B5277A5E}.Debug|Any CPU.ActiveCfg = Debug|Any CPU
		{466840E5-50BF-4F37-BDA3-9BA1B5277A5E}.Debug|Any CPU.Build.0 = Debug|Any CPU
		{466840E5-50BF-4F37-BDA3-9BA1B5277A5E}.Release|Any CPU.ActiveCfg = Release|Any CPU
		{466840E5-50BF-4F37-BDA3-9BA1B5277A5E}.Release|Any CPU.Build.0 = Release|Any CPU
		{9E565880-651D-4529-9288-EDE823AD9863}.Debug|Any CPU.ActiveCfg = Debug|Any CPU
		{9E565880-651D-4529-9288-EDE823AD9863}.Debug|Any CPU.Build.0 = Debug|Any CPU
		{9E565880-651D-4529-9288-EDE823AD9863}.Release|Any CPU.ActiveCfg = Release|Any CPU
		{9E565880-651D-4529-9288-EDE823AD9863}.Release|Any CPU.Build.0 = Release|Any CPU
		{157AD3AA-90CA-48C9-B54E-1671CC4597A9}.Debug|Any CPU.ActiveCfg = Debug|Any CPU
		{157AD3AA-90CA-48C9-B54E-1671CC4597A9}.Debug|Any CPU.Build.0 = Debug|Any CPU
		{157AD3AA-90CA-48C9-B54E-1671CC4597A9}.Release|Any CPU.ActiveCfg = Release|Any CPU
		{157AD3AA-90CA-48C9-B54E-1671CC4597A9}.Release|Any CPU.Build.0 = Release|Any CPU
		{F81B5682-FEF3-4BF6-8CE3-D5A8E255610D}.Debug|Any CPU.ActiveCfg = Debug|Any CPU
		{F81B5682-FEF3-4BF6-8CE3-D5A8E255610D}.Debug|Any CPU.Build.0 = Debug|Any CPU
		{F81B5682-FEF3-4BF6-8CE3-D5A8E255610D}.Release|Any CPU.ActiveCfg = Release|Any CPU
		{F81B5682-FEF3-4BF6-8CE3-D5A8E255610D}.Release|Any CPU.Build.0 = Release|Any CPU
		{47230097-1F50-405E-83FF-E52B6AA6FD89}.Debug|Any CPU.ActiveCfg = Debug|Any CPU
		{47230097-1F50-405E-83FF-E52B6AA6FD89}.Debug|Any CPU.Build.0 = Debug|Any CPU
		{47230097-1F50-405E-83FF-E52B6AA6FD89}.Release|Any CPU.ActiveCfg = Release|Any CPU
		{47230097-1F50-405E-83FF-E52B6AA6FD89}.Release|Any CPU.Build.0 = Release|Any CPU
		{A7054041-D6BD-4E1A-BFD5-4C077FEEA933}.Debug|Any CPU.ActiveCfg = Debug|Any CPU
		{A7054041-D6BD-4E1A-BFD5-4C077FEEA933}.Debug|Any CPU.Build.0 = Debug|Any CPU
		{A7054041-D6BD-4E1A-BFD5-4C077FEEA933}.Release|Any CPU.ActiveCfg = Release|Any CPU
		{A7054041-D6BD-4E1A-BFD5-4C077FEEA933}.Release|Any CPU.Build.0 = Release|Any CPU
		{D5266733-971E-48D9-A3DB-5D73EC054DCE}.Debug|Any CPU.ActiveCfg = Debug|Any CPU
		{D5266733-971E-48D9-A3DB-5D73EC054DCE}.Debug|Any CPU.Build.0 = Debug|Any CPU
		{D5266733-971E-48D9-A3DB-5D73EC054DCE}.Release|Any CPU.ActiveCfg = Release|Any CPU
		{D5266733-971E-48D9-A3DB-5D73EC054DCE}.Release|Any CPU.Build.0 = Release|Any CPU
	EndGlobalSection
	GlobalSection(SolutionProperties) = preSolution
		HideSolutionNode = FALSE
	EndGlobalSection
	GlobalSection(ExtensibilityGlobals) = postSolution
		SolutionGuid = {12B87AF3-D510-4A30-A705-DA468C7045C7}
	EndGlobalSection
EndGlobal
