
Microsoft Visual Studio Solution File, Format Version 12.00
# Visual Studio Express 2013 for Windows Desktop
VisualStudioVersion = 12.0.30110.0
MinimumVisualStudioVersion = 10.0.40219.1
Project("{FAE04EC0-301F-11D3-BF4B-00C04F79EFBC}") = "Walrus.Ranges", "Walrus.Ranges\Walrus.Ranges.csproj", "{466840E5-50BF-4F37-BDA3-9BA1B5277A5E}"
EndProject
Project("{FAE04EC0-301F-11D3-BF4B-00C04F79EFBC}") = "Walrus.Ranges.Test", "Walrus.Ranges.Test\Walrus.Ranges.Test.csproj", "{9E565880-651D-4529-9288-EDE823AD9863}"
EndProject
Project("{2150E333-8FDC-42A3-9474-1A3956D46DE8}") = ".nuget", ".nuget", "{99337599-41EE-4879-A599-4C3F405D6ED2}"
	ProjectSection(SolutionItems) = preProject
		.nuget\NuGet.Config = .nuget\NuGet.Config
		.nuget\NuGet.exe = .nuget\NuGet.exe
		.nuget\NuGet.targets = .nuget\NuGet.targets
	EndProjectSection
EndProject
Project("{FAE04EC0-301F-11D3-BF4B-00C04F79EFBC}") = "Walrus.Rangest.Test.Support", "Walrus.Rangest.Test.Support\Walrus.Rangest.Test.Support.csproj", "{157AD3AA-90CA-48C9-B54E-1671CC4597A9}"
EndProject
Global
	GlobalSection(SolutionConfigurationPlatforms) = preSolution
		Debug|Any CPU = Debug|Any CPU
		Release|Any CPU = Release|Any CPU
	EndGlobalSection
	GlobalSection(ProjectConfigurationPlatforms) = postSolution
		{466840E5-50BF-4F37-BDA3-9BA1B5277A5E}.Debug|Any CPU.ActiveCfg = Debug|Any CPU
		{466840E5-50BF-4F37-BDA3-9BA1B5277A5E}.Debug|Any CPU.Build.0 = Debug|Any CPU
		{466840E5-50BF-4F37-BDA3-9BA1B5277A5E}.Release|Any CPU.ActiveCfg = Release|Any CPU
		{466840E5-50BF-4F37-BDA3-9BA1B5277A5E}.Release|Any CPU.Build.0 = Release|Any CPU
		{9E565880-651D-4529-9288-EDE823AD9863}.Debug|Any CPU.ActiveCfg = Debug|Any CPU
		{9E565880-651D-4529-9288-EDE823AD9863}.Debug|Any CPU.Build.0 = Debug|Any CPU
		{9E565880-651D-4529-9288-EDE823AD9863}.Release|Any CPU.ActiveCfg = Release|Any CPU
		{9E565880-651D-4529-9288-EDE823AD9863}.Release|Any CPU.Build.0 = Release|Any CPU
		{157AD3AA-90CA-48C9-B54E-1671CC4597A9}.Debug|Any CPU.ActiveCfg = Debug|Any CPU
		{157AD3AA-90CA-48C9-B54E-1671CC4597A9}.Debug|Any CPU.Build.0 = Debug|Any CPU
		{157AD3AA-90CA-48C9-B54E-1671CC4597A9}.Release|Any CPU.ActiveCfg = Release|Any CPU
		{157AD3AA-90CA-48C9-B54E-1671CC4597A9}.Release|Any CPU.Build.0 = Release|Any CPU
	EndGlobalSection
	GlobalSection(SolutionProperties) = preSolution
		HideSolutionNode = FALSE
	EndGlobalSection
EndGlobal
